
Microsoft Visual Studio Solution File, Format Version 12.00
# Visual Studio Version 17
VisualStudioVersion = 17.2.32519.379
MinimumVisualStudioVersion = 10.0.40219.1
Project("{FAE04EC0-301F-11D3-BF4B-00C04F79EFBC}") = "Question1", "Question1\Question1.csproj", "{C0D0E2C0-5AE3-4FEA-B713-687B3422D5D3}"
EndProject
Global
	GlobalSection(SolutionConfigurationPlatforms) = preSolution
		Debug|Any CPU = Debug|Any CPU
		Release|Any CPU = Release|Any CPU
	EndGlobalSection
	GlobalSection(ProjectConfigurationPlatforms) = postSolution
		{C0D0E2C0-5AE3-4FEA-B713-687B3422D5D3}.Debug|Any CPU.ActiveCfg = Debug|Any CPU
		{C0D0E2C0-5AE3-4FEA-B713-687B3422D5D3}.Debug|Any CPU.Build.0 = Debug|Any CPU
		{C0D0E2C0-5AE3-4FEA-B713-687B3422D5D3}.Release|Any CPU.ActiveCfg = Release|Any CPU
		{C0D0E2C0-5AE3-4FEA-B713-687B3422D5D3}.Release|Any CPU.Build.0 = Release|Any CPU
	EndGlobalSection
	GlobalSection(SolutionProperties) = preSolution
		HideSolutionNode = FALSE
	EndGlobalSection
	GlobalSection(ExtensibilityGlobals) = postSolution
		SolutionGuid = {D1257391-10D0-4719-8984-9E9D2BDF0395}
	EndGlobalSection
EndGlobal
